# This file is automatically @generated by Cargo.
# It is not intended for manual editing.
version = 3

[[package]]
name = "application"
version = "0.1.0"
dependencies = [
 "domain",
]

[[package]]
name = "domain"
version = "0.1.0"
dependencies = [
 "uuid",
]

[[package]]
name = "domaintemplate"
version = "0.1.0"
dependencies = [
 "application",
 "domain",
]

[[package]]
name = "infrastructure"
version = "0.1.0"
dependencies = [
 "application",
 "domain",
]

[[package]]
name = "uuid"
version = "1.8.0"
source = "registry+https://github.com/rust-lang/crates.io-index"
checksum = "a183cf7feeba97b4dd1c0d46788634f6221d87fa961b305bed08c851829efcc0"
